// !$*UTF8*$!
{
	archiveVersion = 1;
	classes = {
	};
	objectVersion = 50;
	objects = {

/* Begin PBXBuildFile section */
		6B69AAD72103D76100DDFF55 /* AppDelegate.swift in Sources */ = {isa = PBXBuildFile; fileRef = 6B69AAD62103D76100DDFF55 /* AppDelegate.swift */; };
		6B69AAD92103D76100DDFF55 /* ViewController.swift in Sources */ = {isa = PBXBuildFile; fileRef = 6B69AAD82103D76100DDFF55 /* ViewController.swift */; };
		6B69AADC2103D76100DDFF55 /* Main.storyboard in Resources */ = {isa = PBXBuildFile; fileRef = 6B69AADA2103D76100DDFF55 /* Main.storyboard */; };
		6B69AADE2103D76300DDFF55 /* Assets.xcassets in Resources */ = {isa = PBXBuildFile; fileRef = 6B69AADD2103D76300DDFF55 /* Assets.xcassets */; };
		6B69AAE12103D76300DDFF55 /* LaunchScreen.storyboard in Resources */ = {isa = PBXBuildFile; fileRef = 6B69AADF2103D76300DDFF55 /* LaunchScreen.storyboard */; };
		6B69AAEC2103D76300DDFF55 /* ShopifyiOS_KrishnaBablaTests.swift in Sources */ = {isa = PBXBuildFile; fileRef = 6B69AAEB2103D76300DDFF55 /* ShopifyiOS_KrishnaBablaTests.swift */; };
		6B69AAF72103D76300DDFF55 /* ShopifyiOS_KrishnaBablaUITests.swift in Sources */ = {isa = PBXBuildFile; fileRef = 6B69AAF62103D76300DDFF55 /* ShopifyiOS_KrishnaBablaUITests.swift */; };
/* End PBXBuildFile section */

/* Begin PBXContainerItemProxy section */
		6B69AAE82103D76300DDFF55 /* PBXContainerItemProxy */ = {
			isa = PBXContainerItemProxy;
			containerPortal = 6B69AACB2103D76100DDFF55 /* Project object */;
			proxyType = 1;
			remoteGlobalIDString = 6B69AAD22103D76100DDFF55;
			remoteInfo = ShopifyiOS_KrishnaBabla;
		};
		6B69AAF32103D76300DDFF55 /* PBXContainerItemProxy */ = {
			isa = PBXContainerItemProxy;
			containerPortal = 6B69AACB2103D76100DDFF55 /* Project object */;
			proxyType = 1;
			remoteGlobalIDString = 6B69AAD22103D76100DDFF55;
			remoteInfo = ShopifyiOS_KrishnaBabla;
		};
/* End PBXContainerItemProxy section */

/* Begin PBXFileReference section */
		6B69AAD32103D76100DDFF55 /* ShopifyiOS_KrishnaBabla.app */ = {isa = PBXFileReference; explicitFileType = wrapper.application; includeInIndex = 0; path = ShopifyiOS_KrishnaBabla.app; sourceTree = BUILT_PRODUCTS_DIR; };
		6B69AAD62103D76100DDFF55 /* AppDelegate.swift */ = {isa = PBXFileReference; lastKnownFileType = sourcecode.swift; path = AppDelegate.swift; sourceTree = "<group>"; };
		6B69AAD82103D76100DDFF55 /* ViewController.swift */ = {isa = PBXFileReference; lastKnownFileType = sourcecode.swift; path = ViewController.swift; sourceTree = "<group>"; };
		6B69AADB2103D76100DDFF55 /* Base */ = {isa = PBXFileReference; lastKnownFileType = file.storyboard; name = Base; path = Base.lproj/Main.storyboard; sourceTree = "<group>"; };
		6B69AADD2103D76300DDFF55 /* Assets.xcassets */ = {isa = PBXFileReference; lastKnownFileType = folder.assetcatalog; path = Assets.xcassets; sourceTree = "<group>"; };
		6B69AAE02103D76300DDFF55 /* Base */ = {isa = PBXFileReference; lastKnownFileType = file.storyboard; name = Base; path = Base.lproj/LaunchScreen.storyboard; sourceTree = "<group>"; };
		6B69AAE22103D76300DDFF55 /* Info.plist */ = {isa = PBXFileReference; lastKnownFileType = text.plist.xml; path = Info.plist; sourceTree = "<group>"; };
		6B69AAE72103D76300DDFF55 /* ShopifyiOS_KrishnaBablaTests.xctest */ = {isa = PBXFileReference; explicitFileType = wrapper.cfbundle; includeInIndex = 0; path = ShopifyiOS_KrishnaBablaTests.xctest; sourceTree = BUILT_PRODUCTS_DIR; };
		6B69AAEB2103D76300DDFF55 /* ShopifyiOS_KrishnaBablaTests.swift */ = {isa = PBXFileReference; lastKnownFileType = sourcecode.swift; path = ShopifyiOS_KrishnaBablaTests.swift; sourceTree = "<group>"; };
		6B69AAED2103D76300DDFF55 /* Info.plist */ = {isa = PBXFileReference; lastKnownFileType = text.plist.xml; path = Info.plist; sourceTree = "<group>"; };
		6B69AAF22103D76300DDFF55 /* ShopifyiOS_KrishnaBablaUITests.xctest */ = {isa = PBXFileReference; explicitFileType = wrapper.cfbundle; includeInIndex = 0; path = ShopifyiOS_KrishnaBablaUITests.xctest; sourceTree = BUILT_PRODUCTS_DIR; };
		6B69AAF62103D76300DDFF55 /* ShopifyiOS_KrishnaBablaUITests.swift */ = {isa = PBXFileReference; lastKnownFileType = sourcecode.swift; path = ShopifyiOS_KrishnaBablaUITests.swift; sourceTree = "<group>"; };
		6B69AAF82103D76300DDFF55 /* Info.plist */ = {isa = PBXFileReference; lastKnownFileType = text.plist.xml; path = Info.plist; sourceTree = "<group>"; };
/* End PBXFileReference section */

/* Begin PBXFrameworksBuildPhase section */
		6B69AAD02103D76100DDFF55 /* Frameworks */ = {
			isa = PBXFrameworksBuildPhase;
			buildActionMask = 2147483647;
			files = (
			);
			runOnlyForDeploymentPostprocessing = 0;
		};
		6B69AAE42103D76300DDFF55 /* Frameworks */ = {
			isa = PBXFrameworksBuildPhase;
			buildActionMask = 2147483647;
			files = (
			);
			runOnlyForDeploymentPostprocessing = 0;
		};
		6B69AAEF2103D76300DDFF55 /* Frameworks */ = {
			isa = PBXFrameworksBuildPhase;
			buildActionMask = 2147483647;
			files = (
			);
			runOnlyForDeploymentPostprocessing = 0;
		};
/* End PBXFrameworksBuildPhase section */

/* Begin PBXGroup section */
		6B69AACA2103D76100DDFF55 = {
			isa = PBXGroup;
			children = (
				6B69AAD52103D76100DDFF55 /* ShopifyiOS_KrishnaBabla */,
				6B69AAEA2103D76300DDFF55 /* ShopifyiOS_KrishnaBablaTests */,
				6B69AAF52103D76300DDFF55 /* ShopifyiOS_KrishnaBablaUITests */,
				6B69AAD42103D76100DDFF55 /* Products */,
			);
			sourceTree = "<group>";
		};
		6B69AAD42103D76100DDFF55 /* Products */ = {
			isa = PBXGroup;
			children = (
				6B69AAD32103D76100DDFF55 /* ShopifyiOS_KrishnaBabla.app */,
				6B69AAE72103D76300DDFF55 /* ShopifyiOS_KrishnaBablaTests.xctest */,
				6B69AAF22103D76300DDFF55 /* ShopifyiOS_KrishnaBablaUITests.xctest */,
			);
			name = Products;
			sourceTree = "<group>";
		};
		6B69AAD52103D76100DDFF55 /* ShopifyiOS_KrishnaBabla */ = {
			isa = PBXGroup;
			children = (
				6B69AAD62103D76100DDFF55 /* AppDelegate.swift */,
				6B69AAD82103D76100DDFF55 /* ViewController.swift */,
				6B69AADA2103D76100DDFF55 /* Main.storyboard */,
				6B69AADD2103D76300DDFF55 /* Assets.xcassets */,
				6B69AADF2103D76300DDFF55 /* LaunchScreen.storyboard */,
				6B69AAE22103D76300DDFF55 /* Info.plist */,
			);
			path = ShopifyiOS_KrishnaBabla;
			sourceTree = "<group>";
		};
		6B69AAEA2103D76300DDFF55 /* ShopifyiOS_KrishnaBablaTests */ = {
			isa = PBXGroup;
			children = (
				6B69AAEB2103D76300DDFF55 /* ShopifyiOS_KrishnaBablaTests.swift */,
				6B69AAED2103D76300DDFF55 /* Info.plist */,
			);
			path = ShopifyiOS_KrishnaBablaTests;
			sourceTree = "<group>";
		};
		6B69AAF52103D76300DDFF55 /* ShopifyiOS_KrishnaBablaUITests */ = {
			isa = PBXGroup;
			children = (
				6B69AAF62103D76300DDFF55 /* ShopifyiOS_KrishnaBablaUITests.swift */,
				6B69AAF82103D76300DDFF55 /* Info.plist */,
			);
			path = ShopifyiOS_KrishnaBablaUITests;
			sourceTree = "<group>";
		};
/* End PBXGroup section */

/* Begin PBXNativeTarget section */
		6B69AAD22103D76100DDFF55 /* ShopifyiOS_KrishnaBabla */ = {
			isa = PBXNativeTarget;
			buildConfigurationList = 6B69AAFB2103D76300DDFF55 /* Build configuration list for PBXNativeTarget "ShopifyiOS_KrishnaBabla" */;
			buildPhases = (
				6B69AACF2103D76100DDFF55 /* Sources */,
				6B69AAD02103D76100DDFF55 /* Frameworks */,
				6B69AAD12103D76100DDFF55 /* Resources */,
			);
			buildRules = (
			);
			dependencies = (
			);
			name = ShopifyiOS_KrishnaBabla;
			productName = ShopifyiOS_KrishnaBabla;
			productReference = 6B69AAD32103D76100DDFF55 /* ShopifyiOS_KrishnaBabla.app */;
			productType = "com.apple.product-type.application";
		};
		6B69AAE62103D76300DDFF55 /* ShopifyiOS_KrishnaBablaTests */ = {
			isa = PBXNativeTarget;
			buildConfigurationList = 6B69AAFE2103D76300DDFF55 /* Build configuration list for PBXNativeTarget "ShopifyiOS_KrishnaBablaTests" */;
			buildPhases = (
				6B69AAE32103D76300DDFF55 /* Sources */,
				6B69AAE42103D76300DDFF55 /* Frameworks */,
				6B69AAE52103D76300DDFF55 /* Resources */,
			);
			buildRules = (
			);
			dependencies = (
				6B69AAE92103D76300DDFF55 /* PBXTargetDependency */,
			);
			name = ShopifyiOS_KrishnaBablaTests;
			productName = ShopifyiOS_KrishnaBablaTests;
			productReference = 6B69AAE72103D76300DDFF55 /* ShopifyiOS_KrishnaBablaTests.xctest */;
			productType = "com.apple.product-type.bundle.unit-test";
		};
		6B69AAF12103D76300DDFF55 /* ShopifyiOS_KrishnaBablaUITests */ = {
			isa = PBXNativeTarget;
			buildConfigurationList = 6B69AB012103D76300DDFF55 /* Build configuration list for PBXNativeTarget "ShopifyiOS_KrishnaBablaUITests" */;
			buildPhases = (
				6B69AAEE2103D76300DDFF55 /* Sources */,
				6B69AAEF2103D76300DDFF55 /* Frameworks */,
				6B69AAF02103D76300DDFF55 /* Resources */,
			);
			buildRules = (
			);
			dependencies = (
				6B69AAF42103D76300DDFF55 /* PBXTargetDependency */,
			);
			name = ShopifyiOS_KrishnaBablaUITests;
			productName = ShopifyiOS_KrishnaBablaUITests;
			productReference = 6B69AAF22103D76300DDFF55 /* ShopifyiOS_KrishnaBablaUITests.xctest */;
			productType = "com.apple.product-type.bundle.ui-testing";
		};
/* End PBXNativeTarget section */

/* Begin PBXProject section */
		6B69AACB2103D76100DDFF55 /* Project object */ = {
			isa = PBXProject;
			attributes = {
				LastSwiftUpdateCheck = 0940;
				LastUpgradeCheck = 0940;
				ORGANIZATIONNAME = "Krishna Babla";
				TargetAttributes = {
					6B69AAD22103D76100DDFF55 = {
						CreatedOnToolsVersion = 9.4.1;
					};
					6B69AAE62103D76300DDFF55 = {
						CreatedOnToolsVersion = 9.4.1;
						TestTargetID = 6B69AAD22103D76100DDFF55;
					};
					6B69AAF12103D76300DDFF55 = {
						CreatedOnToolsVersion = 9.4.1;
						TestTargetID = 6B69AAD22103D76100DDFF55;
					};
				};
			};
			buildConfigurationList = 6B69AACE2103D76100DDFF55 /* Build configuration list for PBXProject "ShopifyiOS_KrishnaBabla" */;
			compatibilityVersion = "Xcode 9.3";
			developmentRegion = en;
			hasScannedForEncodings = 0;
			knownRegions = (
				en,
				Base,
			);
			mainGroup = 6B69AACA2103D76100DDFF55;
			productRefGroup = 6B69AAD42103D76100DDFF55 /* Products */;
			projectDirPath = "";
			projectRoot = "";
			targets = (
				6B69AAD22103D76100DDFF55 /* ShopifyiOS_KrishnaBabla */,
				6B69AAE62103D76300DDFF55 /* ShopifyiOS_KrishnaBablaTests */,
				6B69AAF12103D76300DDFF55 /* ShopifyiOS_KrishnaBablaUITests */,
			);
		};
/* End PBXProject section */

/* Begin PBXResourcesBuildPhase section */
		6B69AAD12103D76100DDFF55 /* Resources */ = {
			isa = PBXResourcesBuildPhase;
			buildActionMask = 2147483647;
			files = (
				6B69AAE12103D76300DDFF55 /* LaunchScreen.storyboard in Resources */,
				6B69AADE2103D76300DDFF55 /* Assets.xcassets in Resources */,
				6B69AADC2103D76100DDFF55 /* Main.storyboard in Resources */,
			);
			runOnlyForDeploymentPostprocessing = 0;
		};
		6B69AAE52103D76300DDFF55 /* Resources */ = {
			isa = PBXResourcesBuildPhase;
			buildActionMask = 2147483647;
			files = (
			);
			runOnlyForDeploymentPostprocessing = 0;
		};
		6B69AAF02103D76300DDFF55 /* Resources */ = {
			isa = PBXResourcesBuildPhase;
			buildActionMask = 2147483647;
			files = (
			);
			runOnlyForDeploymentPostprocessing = 0;
		};
/* End PBXResourcesBuildPhase section */

/* Begin PBXSourcesBuildPhase section */
		6B69AACF2103D76100DDFF55 /* Sources */ = {
			isa = PBXSourcesBuildPhase;
			buildActionMask = 2147483647;
			files = (
				6B69AAD92103D76100DDFF55 /* ViewController.swift in Sources */,
				6B69AAD72103D76100DDFF55 /* AppDelegate.swift in Sources */,
			);
			runOnlyForDeploymentPostprocessing = 0;
		};
		6B69AAE32103D76300DDFF55 /* Sources */ = {
			isa = PBXSourcesBuildPhase;
			buildActionMask = 2147483647;
			files = (
				6B69AAEC2103D76300DDFF55 /* ShopifyiOS_KrishnaBablaTests.swift in Sources */,
			);
			runOnlyForDeploymentPostprocessing = 0;
		};
		6B69AAEE2103D76300DDFF55 /* Sources */ = {
			isa = PBXSourcesBuildPhase;
			buildActionMask = 2147483647;
			files = (
				6B69AAF72103D76300DDFF55 /* ShopifyiOS_KrishnaBablaUITests.swift in Sources */,
			);
			runOnlyForDeploymentPostprocessing = 0;
		};
/* End PBXSourcesBuildPhase section */

/* Begin PBXTargetDependency section */
		6B69AAE92103D76300DDFF55 /* PBXTargetDependency */ = {
			isa = PBXTargetDependency;
			target = 6B69AAD22103D76100DDFF55 /* ShopifyiOS_KrishnaBabla */;
			targetProxy = 6B69AAE82103D76300DDFF55 /* PBXContainerItemProxy */;
		};
		6B69AAF42103D76300DDFF55 /* PBXTargetDependency */ = {
			isa = PBXTargetDependency;
			target = 6B69AAD22103D76100DDFF55 /* ShopifyiOS_KrishnaBabla */;
			targetProxy = 6B69AAF32103D76300DDFF55 /* PBXContainerItemProxy */;
		};
/* End PBXTargetDependency section */

/* Begin PBXVariantGroup section */
		6B69AADA2103D76100DDFF55 /* Main.storyboard */ = {
			isa = PBXVariantGroup;
			children = (
				6B69AADB2103D76100DDFF55 /* Base */,
			);
			name = Main.storyboard;
			sourceTree = "<group>";
		};
		6B69AADF2103D76300DDFF55 /* LaunchScreen.storyboard */ = {
			isa = PBXVariantGroup;
			children = (
				6B69AAE02103D76300DDFF55 /* Base */,
			);
			name = LaunchScreen.storyboard;
			sourceTree = "<group>";
		};
/* End PBXVariantGroup section */

/* Begin XCBuildConfiguration section */
		6B69AAF92103D76300DDFF55 /* Debug */ = {
			isa = XCBuildConfiguration;
			buildSettings = {
				ALWAYS_SEARCH_USER_PATHS = NO;
				CLANG_ANALYZER_NONNULL = YES;
				CLANG_ANALYZER_NUMBER_OBJECT_CONVERSION = YES_AGGRESSIVE;
				CLANG_CXX_LANGUAGE_STANDARD = "gnu++14";
				CLANG_CXX_LIBRARY = "libc++";
				CLANG_ENABLE_MODULES = YES;
				CLANG_ENABLE_OBJC_ARC = YES;
				CLANG_ENABLE_OBJC_WEAK = YES;
				CLANG_WARN_BLOCK_CAPTURE_AUTORELEASING = YES;
				CLANG_WARN_BOOL_CONVERSION = YES;
				CLANG_WARN_COMMA = YES;
				CLANG_WARN_CONSTANT_CONVERSION = YES;
				CLANG_WARN_DEPRECATED_OBJC_IMPLEMENTATIONS = YES;
				CLANG_WARN_DIRECT_OBJC_ISA_USAGE = YES_ERROR;
				CLANG_WARN_DOCUMENTATION_COMMENTS = YES;
				CLANG_WARN_EMPTY_BODY = YES;
				CLANG_WARN_ENUM_CONVERSION = YES;
				CLANG_WARN_INFINITE_RECURSION = YES;
				CLANG_WARN_INT_CONVERSION = YES;
				CLANG_WARN_NON_LITERAL_NULL_CONVERSION = YES;
				CLANG_WARN_OBJC_IMPLICIT_RETAIN_SELF = YES;
				CLANG_WARN_OBJC_LITERAL_CONVERSION = YES;
				CLANG_WARN_OBJC_ROOT_CLASS = YES_ERROR;
				CLANG_WARN_RANGE_LOOP_ANALYSIS = YES;
				CLANG_WARN_STRICT_PROTOTYPES = YES;
				CLANG_WARN_SUSPICIOUS_MOVE = YES;
				CLANG_WARN_UNGUARDED_AVAILABILITY = YES_AGGRESSIVE;
				CLANG_WARN_UNREACHABLE_CODE = YES;
				CLANG_WARN__DUPLICATE_METHOD_MATCH = YES;
				CODE_SIGN_IDENTITY = "iPhone Developer";
				COPY_PHASE_STRIP = NO;
				DEBUG_INFORMATION_FORMAT = dwarf;
				ENABLE_STRICT_OBJC_MSGSEND = YES;
				ENABLE_TESTABILITY = YES;
				GCC_C_LANGUAGE_STANDARD = gnu11;
				GCC_DYNAMIC_NO_PIC = NO;
				GCC_NO_COMMON_BLOCKS = YES;
				GCC_OPTIMIZATION_LEVEL = 0;
				GCC_PREPROCESSOR_DEFINITIONS = (
					"DEBUG=1",
					"$(inherited)",
				);
				GCC_WARN_64_TO_32_BIT_CONVERSION = YES;
				GCC_WARN_ABOUT_RETURN_TYPE = YES_ERROR;
				GCC_WARN_UNDECLARED_SELECTOR = YES;
				GCC_WARN_UNINITIALIZED_AUTOS = YES_AGGRESSIVE;
				GCC_WARN_UNUSED_FUNCTION = YES;
				GCC_WARN_UNUSED_VARIABLE = YES;
				IPHONEOS_DEPLOYMENT_TARGET = 11.4;
				MTL_ENABLE_DEBUG_INFO = YES;
				ONLY_ACTIVE_ARCH = YES;
				SDKROOT = iphoneos;
				SWIFT_ACTIVE_COMPILATION_CONDITIONS = DEBUG;
				SWIFT_OPTIMIZATION_LEVEL = "-Onone";
			};
			name = Debug;
		};
		6B69AAFA2103D76300DDFF55 /* Release */ = {
			isa = XCBuildConfiguration;
			buildSettings = {
				ALWAYS_SEARCH_USER_PATHS = NO;
				CLANG_ANALYZER_NONNULL = YES;
				CLANG_ANALYZER_NUMBER_OBJECT_CONVERSION = YES_AGGRESSIVE;
				CLANG_CXX_LANGUAGE_STANDARD = "gnu++14";
				CLANG_CXX_LIBRARY = "libc++";
				CLANG_ENABLE_MODULES = YES;
				CLANG_ENABLE_OBJC_ARC = YES;
				CLANG_ENABLE_OBJC_WEAK = YES;
				CLANG_WARN_BLOCK_CAPTURE_AUTORELEASING = YES;
				CLANG_WARN_BOOL_CONVERSION = YES;
				CLANG_WARN_COMMA = YES;
				CLANG_WARN_CONSTANT_CONVERSION = YES;
				CLANG_WARN_DEPRECATED_OBJC_IMPLEMENTATIONS = YES;
				CLANG_WARN_DIRECT_OBJC_ISA_USAGE = YES_ERROR;
				CLANG_WARN_DOCUMENTATION_COMMENTS = YES;
				CLANG_WARN_EMPTY_BODY = YES;
				CLANG_WARN_ENUM_CONVERSION = YES;
				CLANG_WARN_INFINITE_RECURSION = YES;
				CLANG_WARN_INT_CONVERSION = YES;
				CLANG_WARN_NON_LITERAL_NULL_CONVERSION = YES;
				CLANG_WARN_OBJC_IMPLICIT_RETAIN_SELF = YES;
				CLANG_WARN_OBJC_LITERAL_CONVERSION = YES;
				CLANG_WARN_OBJC_ROOT_CLASS = YES_ERROR;
				CLANG_WARN_RANGE_LOOP_ANALYSIS = YES;
				CLANG_WARN_STRICT_PROTOTYPES = YES;
				CLANG_WARN_SUSPICIOUS_MOVE = YES;
				CLANG_WARN_UNGUARDED_AVAILABILITY = YES_AGGRESSIVE;
				CLANG_WARN_UNREACHABLE_CODE = YES;
				CLANG_WARN__DUPLICATE_METHOD_MATCH = YES;
				CODE_SIGN_IDENTITY = "iPhone Developer";
				COPY_PHASE_STRIP = NO;
				DEBUG_INFORMATION_FORMAT = "dwarf-with-dsym";
				ENABLE_NS_ASSERTIONS = NO;
				ENABLE_STRICT_OBJC_MSGSEND = YES;
				GCC_C_LANGUAGE_STANDARD = gnu11;
				GCC_NO_COMMON_BLOCKS = YES;
				GCC_WARN_64_TO_32_BIT_CONVERSION = YES;
				GCC_WARN_ABOUT_RETURN_TYPE = YES_ERROR;
				GCC_WARN_UNDECLARED_SELECTOR = YES;
				GCC_WARN_UNINITIALIZED_AUTOS = YES_AGGRESSIVE;
				GCC_WARN_UNUSED_FUNCTION = YES;
				GCC_WARN_UNUSED_VARIABLE = YES;
				IPHONEOS_DEPLOYMENT_TARGET = 11.4;
				MTL_ENABLE_DEBUG_INFO = NO;
				SDKROOT = iphoneos;
				SWIFT_COMPILATION_MODE = wholemodule;
				SWIFT_OPTIMIZATION_LEVEL = "-O";
				VALIDATE_PRODUCT = YES;
			};
			name = Release;
		};
		6B69AAFC2103D76300DDFF55 /* Debug */ = {
			isa = XCBuildConfiguration;
			buildSettings = {
				ASSETCATALOG_COMPILER_APPICON_NAME = AppIcon;
				CODE_SIGN_STYLE = Automatic;
				DEVELOPMENT_TEAM = CV4C6SDSK9;
				INFOPLIST_FILE = ShopifyiOS_KrishnaBabla/Info.plist;
				LD_RUNPATH_SEARCH_PATHS = (
					"$(inherited)",
					"@executable_path/Frameworks",
				);
				PRODUCT_BUNDLE_IDENTIFIER = "com.KrishnaBabla.ShopifyiOS-KrishnaBabla";
				PRODUCT_NAME = "$(TARGET_NAME)";
				SWIFT_VERSION = 4.0;
				TARGETED_DEVICE_FAMILY = "1,2";
			};
			name = Debug;
		};
		6B69AAFD2103D76300DDFF55 /* Release */ = {
			isa = XCBuildConfiguration;
			buildSettings = {
				ASSETCATALOG_COMPILER_APPICON_NAME = AppIcon;
				CODE_SIGN_STYLE = Automatic;
				DEVELOPMENT_TEAM = CV4C6SDSK9;
				INFOPLIST_FILE = ShopifyiOS_KrishnaBabla/Info.plist;
				LD_RUNPATH_SEARCH_PATHS = (
					"$(inherited)",
					"@executable_path/Frameworks",
				);
				PRODUCT_BUNDLE_IDENTIFIER = "com.KrishnaBabla.ShopifyiOS-KrishnaBabla";
				PRODUCT_NAME = "$(TARGET_NAME)";
				SWIFT_VERSION = 4.0;
				TARGETED_DEVICE_FAMILY = "1,2";
			};
			name = Release;
		};
		6B69AAFF2103D76300DDFF55 /* Debug */ = {
			isa = XCBuildConfiguration;
			buildSettings = {
				ALWAYS_EMBED_SWIFT_STANDARD_LIBRARIES = YES;
				BUNDLE_LOADER = "$(TEST_HOST)";
				CODE_SIGN_STYLE = Automatic;
				DEVELOPMENT_TEAM = CV4C6SDSK9;
				INFOPLIST_FILE = ShopifyiOS_KrishnaBablaTests/Info.plist;
				LD_RUNPATH_SEARCH_PATHS = (
					"$(inherited)",
					"@executable_path/Frameworks",
					"@loader_path/Frameworks",
				);
				PRODUCT_BUNDLE_IDENTIFIER = "com.KrishnaBabla.ShopifyiOS-KrishnaBablaTests";
				PRODUCT_NAME = "$(TARGET_NAME)";
				SWIFT_VERSION = 4.0;
				TARGETED_DEVICE_FAMILY = "1,2";
				TEST_HOST = "$(BUILT_PRODUCTS_DIR)/ShopifyiOS_KrishnaBabla.app/ShopifyiOS_KrishnaBabla";
			};
			name = Debug;
		};
		6B69AB002103D76300DDFF55 /* Release */ = {
			isa = XCBuildConfiguration;
			buildSettings = {
				ALWAYS_EMBED_SWIFT_STANDARD_LIBRARIES = YES;
				BUNDLE_LOADER = "$(TEST_HOST)";
				CODE_SIGN_STYLE = Automatic;
				DEVELOPMENT_TEAM = CV4C6SDSK9;
				INFOPLIST_FILE = ShopifyiOS_KrishnaBablaTests/Info.plist;
				LD_RUNPATH_SEARCH_PATHS = (
					"$(inherited)",
					"@executable_path/Frameworks",
					"@loader_path/Frameworks",
				);
				PRODUCT_BUNDLE_IDENTIFIER = "com.KrishnaBabla.ShopifyiOS-KrishnaBablaTests";
				PRODUCT_NAME = "$(TARGET_NAME)";
				SWIFT_VERSION = 4.0;
				TARGETED_DEVICE_FAMILY = "1,2";
				TEST_HOST = "$(BUILT_PRODUCTS_DIR)/ShopifyiOS_KrishnaBabla.app/ShopifyiOS_KrishnaBabla";
			};
			name = Release;
		};
		6B69AB022103D76300DDFF55 /* Debug */ = {
			isa = XCBuildConfiguration;
			buildSettings = {
				ALWAYS_EMBED_SWIFT_STANDARD_LIBRARIES = YES;
				CODE_SIGN_STYLE = Automatic;
				DEVELOPMENT_TEAM = CV4C6SDSK9;
				INFOPLIST_FILE = ShopifyiOS_KrishnaBablaUITests/Info.plist;
				LD_RUNPATH_SEARCH_PATHS = (
					"$(inherited)",
					"@executable_path/Frameworks",
					"@loader_path/Frameworks",
				);
				PRODUCT_BUNDLE_IDENTIFIER = "com.KrishnaBabla.ShopifyiOS-KrishnaBablaUITests";
				PRODUCT_NAME = "$(TARGET_NAME)";
				SWIFT_VERSION = 4.0;
				TARGETED_DEVICE_FAMILY = "1,2";
				TEST_TARGET_NAME = ShopifyiOS_KrishnaBabla;
			};
			name = Debug;
		};
		6B69AB032103D76300DDFF55 /* Release */ = {
			isa = XCBuildConfiguration;
			buildSettings = {
				ALWAYS_EMBED_SWIFT_STANDARD_LIBRARIES = YES;
				CODE_SIGN_STYLE = Automatic;
				DEVELOPMENT_TEAM = CV4C6SDSK9;
				INFOPLIST_FILE = ShopifyiOS_KrishnaBablaUITests/Info.plist;
				LD_RUNPATH_SEARCH_PATHS = (
					"$(inherited)",
					"@executable_path/Frameworks",
					"@loader_path/Frameworks",
				);
				PRODUCT_BUNDLE_IDENTIFIER = "com.KrishnaBabla.ShopifyiOS-KrishnaBablaUITests";
				PRODUCT_NAME = "$(TARGET_NAME)";
				SWIFT_VERSION = 4.0;
				TARGETED_DEVICE_FAMILY = "1,2";
				TEST_TARGET_NAME = ShopifyiOS_KrishnaBabla;
			};
			name = Release;
		};
/* End XCBuildConfiguration section */

/* Begin XCConfigurationList section */
		6B69AACE2103D76100DDFF55 /* Build configuration list for PBXProject "ShopifyiOS_KrishnaBabla" */ = {
			isa = XCConfigurationList;
			buildConfigurations = (
				6B69AAF92103D76300DDFF55 /* Debug */,
				6B69AAFA2103D76300DDFF55 /* Release */,
			);
			defaultConfigurationIsVisible = 0;
			defaultConfigurationName = Release;
		};
		6B69AAFB2103D76300DDFF55 /* Build configuration list for PBXNativeTarget "ShopifyiOS_KrishnaBabla" */ = {
			isa = XCConfigurationList;
			buildConfigurations = (
				6B69AAFC2103D76300DDFF55 /* Debug */,
				6B69AAFD2103D76300DDFF55 /* Release */,
			);
			defaultConfigurationIsVisible = 0;
			defaultConfigurationName = Release;
		};
		6B69AAFE2103D76300DDFF55 /* Build configuration list for PBXNativeTarget "ShopifyiOS_KrishnaBablaTests" */ = {
			isa = XCConfigurationList;
			buildConfigurations = (
				6B69AAFF2103D76300DDFF55 /* Debug */,
				6B69AB002103D76300DDFF55 /* Release */,
			);
			defaultConfigurationIsVisible = 0;
			defaultConfigurationName = Release;
		};
		6B69AB012103D76300DDFF55 /* Build configuration list for PBXNativeTarget "ShopifyiOS_KrishnaBablaUITests" */ = {
			isa = XCConfigurationList;
			buildConfigurations = (
				6B69AB022103D76300DDFF55 /* Debug */,
				6B69AB032103D76300DDFF55 /* Release */,
			);
			defaultConfigurationIsVisible = 0;
			defaultConfigurationName = Release;
		};
/* End XCConfigurationList section */
	};
	rootObject = 6B69AACB2103D76100DDFF55 /* Project object */;
}
